// !$*UTF8*$!
{
	archiveVersion = 1;
	classes = {
	};
	objectVersion = 56;
	objects = {

/* Begin PBXBuildFile section */
		BDA9FE442A8D0BCD003183B4 /* finalProjectApp.swift in Sources */ = {isa = PBXBuildFile; fileRef = BDA9FE432A8D0BCD003183B4 /* finalProjectApp.swift */; };
		BDA9FE462A8D0BCD003183B4 /* ContentView.swift in Sources */ = {isa = PBXBuildFile; fileRef = BDA9FE452A8D0BCD003183B4 /* ContentView.swift */; };
		BDA9FE482A8D0BD1003183B4 /* Assets.xcassets in Resources */ = {isa = PBXBuildFile; fileRef = BDA9FE472A8D0BD1003183B4 /* Assets.xcassets */; };
		BDA9FE4B2A8D0BD1003183B4 /* Preview Assets.xcassets in Resources */ = {isa = PBXBuildFile; fileRef = BDA9FE4A2A8D0BD1003183B4 /* Preview Assets.xcassets */; };
		BDA9FE552A8D0BD1003183B4 /* finalProjectTests.swift in Sources */ = {isa = PBXBuildFile; fileRef = BDA9FE542A8D0BD1003183B4 /* finalProjectTests.swift */; };
		BDA9FE5F2A8D0BD1003183B4 /* finalProjectUITests.swift in Sources */ = {isa = PBXBuildFile; fileRef = BDA9FE5E2A8D0BD1003183B4 /* finalProjectUITests.swift */; };
		BDA9FE612A8D0BD1003183B4 /* finalProjectUITestsLaunchTests.swift in Sources */ = {isa = PBXBuildFile; fileRef = BDA9FE602A8D0BD1003183B4 /* finalProjectUITestsLaunchTests.swift */; };
/* End PBXBuildFile section */

/* Begin PBXContainerItemProxy section */
		BDA9FE512A8D0BD1003183B4 /* PBXContainerItemProxy */ = {
			isa = PBXContainerItemProxy;
			containerPortal = BDA9FE382A8D0BCD003183B4 /* Project object */;
			proxyType = 1;
			remoteGlobalIDString = BDA9FE3F2A8D0BCD003183B4;
			remoteInfo = finalProject;
		};
		BDA9FE5B2A8D0BD1003183B4 /* PBXContainerItemProxy */ = {
			isa = PBXContainerItemProxy;
			containerPortal = BDA9FE382A8D0BCD003183B4 /* Project object */;
			proxyType = 1;
			remoteGlobalIDString = BDA9FE3F2A8D0BCD003183B4;
			remoteInfo = finalProject;
		};
/* End PBXContainerItemProxy section */

/* Begin PBXFileReference section */
		BDA9FE402A8D0BCD003183B4 /* finalProject.app */ = {isa = PBXFileReference; explicitFileType = wrapper.application; includeInIndex = 0; path = finalProject.app; sourceTree = BUILT_PRODUCTS_DIR; };
		BDA9FE432A8D0BCD003183B4 /* finalProjectApp.swift */ = {isa = PBXFileReference; lastKnownFileType = sourcecode.swift; path = finalProjectApp.swift; sourceTree = "<group>"; };
		BDA9FE452A8D0BCD003183B4 /* ContentView.swift */ = {isa = PBXFileReference; lastKnownFileType = sourcecode.swift; path = ContentView.swift; sourceTree = "<group>"; };
		BDA9FE472A8D0BD1003183B4 /* Assets.xcassets */ = {isa = PBXFileReference; lastKnownFileType = folder.assetcatalog; path = Assets.xcassets; sourceTree = "<group>"; };
		BDA9FE4A2A8D0BD1003183B4 /* Preview Assets.xcassets */ = {isa = PBXFileReference; lastKnownFileType = folder.assetcatalog; path = "Preview Assets.xcassets"; sourceTree = "<group>"; };
		BDA9FE502A8D0BD1003183B4 /* finalProjectTests.xctest */ = {isa = PBXFileReference; explicitFileType = wrapper.cfbundle; includeInIndex = 0; path = finalProjectTests.xctest; sourceTree = BUILT_PRODUCTS_DIR; };
		BDA9FE542A8D0BD1003183B4 /* finalProjectTests.swift */ = {isa = PBXFileReference; lastKnownFileType = sourcecode.swift; path = finalProjectTests.swift; sourceTree = "<group>"; };
		BDA9FE5A2A8D0BD1003183B4 /* finalProjectUITests.xctest */ = {isa = PBXFileReference; explicitFileType = wrapper.cfbundle; includeInIndex = 0; path = finalProjectUITests.xctest; sourceTree = BUILT_PRODUCTS_DIR; };
		BDA9FE5E2A8D0BD1003183B4 /* finalProjectUITests.swift */ = {isa = PBXFileReference; lastKnownFileType = sourcecode.swift; path = finalProjectUITests.swift; sourceTree = "<group>"; };
		BDA9FE602A8D0BD1003183B4 /* finalProjectUITestsLaunchTests.swift */ = {isa = PBXFileReference; lastKnownFileType = sourcecode.swift; path = finalProjectUITestsLaunchTests.swift; sourceTree = "<group>"; };
/* End PBXFileReference section */

/* Begin PBXFrameworksBuildPhase section */
		BDA9FE3D2A8D0BCD003183B4 /* Frameworks */ = {
			isa = PBXFrameworksBuildPhase;
			buildActionMask = 2147483647;
			files = (
			);
			runOnlyForDeploymentPostprocessing = 0;
		};
		BDA9FE4D2A8D0BD1003183B4 /* Frameworks */ = {
			isa = PBXFrameworksBuildPhase;
			buildActionMask = 2147483647;
			files = (
			);
			runOnlyForDeploymentPostprocessing = 0;
		};
		BDA9FE572A8D0BD1003183B4 /* Frameworks */ = {
			isa = PBXFrameworksBuildPhase;
			buildActionMask = 2147483647;
			files = (
			);
			runOnlyForDeploymentPostprocessing = 0;
		};
/* End PBXFrameworksBuildPhase section */

/* Begin PBXGroup section */
		BDA9FE372A8D0BCD003183B4 = {
			isa = PBXGroup;
			children = (
				BDA9FE422A8D0BCD003183B4 /* finalProject */,
				BDA9FE532A8D0BD1003183B4 /* finalProjectTests */,
				BDA9FE5D2A8D0BD1003183B4 /* finalProjectUITests */,
				BDA9FE412A8D0BCD003183B4 /* Products */,
			);
			sourceTree = "<group>";
		};
		BDA9FE412A8D0BCD003183B4 /* Products */ = {
			isa = PBXGroup;
			children = (
				BDA9FE402A8D0BCD003183B4 /* finalProject.app */,
				BDA9FE502A8D0BD1003183B4 /* finalProjectTests.xctest */,
				BDA9FE5A2A8D0BD1003183B4 /* finalProjectUITests.xctest */,
			);
			name = Products;
			sourceTree = "<group>";
		};
		BDA9FE422A8D0BCD003183B4 /* finalProject */ = {
			isa = PBXGroup;
			children = (
				BDA9FE432A8D0BCD003183B4 /* finalProjectApp.swift */,
				BDA9FE452A8D0BCD003183B4 /* ContentView.swift */,
				BDA9FE472A8D0BD1003183B4 /* Assets.xcassets */,
				BDA9FE492A8D0BD1003183B4 /* Preview Content */,
			);
			path = finalProject;
			sourceTree = "<group>";
		};
		BDA9FE492A8D0BD1003183B4 /* Preview Content */ = {
			isa = PBXGroup;
			children = (
				BDA9FE4A2A8D0BD1003183B4 /* Preview Assets.xcassets */,
			);
			path = "Preview Content";
			sourceTree = "<group>";
		};
		BDA9FE532A8D0BD1003183B4 /* finalProjectTests */ = {
			isa = PBXGroup;
			children = (
				BDA9FE542A8D0BD1003183B4 /* finalProjectTests.swift */,
			);
			path = finalProjectTests;
			sourceTree = "<group>";
		};
		BDA9FE5D2A8D0BD1003183B4 /* finalProjectUITests */ = {
			isa = PBXGroup;
			children = (
				BDA9FE5E2A8D0BD1003183B4 /* finalProjectUITests.swift */,
				BDA9FE602A8D0BD1003183B4 /* finalProjectUITestsLaunchTests.swift */,
			);
			path = finalProjectUITests;
			sourceTree = "<group>";
		};
/* End PBXGroup section */

/* Begin PBXNativeTarget section */
		BDA9FE3F2A8D0BCD003183B4 /* finalProject */ = {
			isa = PBXNativeTarget;
			buildConfigurationList = BDA9FE642A8D0BD1003183B4 /* Build configuration list for PBXNativeTarget "finalProject" */;
			buildPhases = (
				BDA9FE3C2A8D0BCD003183B4 /* Sources */,
				BDA9FE3D2A8D0BCD003183B4 /* Frameworks */,
				BDA9FE3E2A8D0BCD003183B4 /* Resources */,
			);
			buildRules = (
			);
			dependencies = (
			);
			name = finalProject;
			productName = finalProject;
			productReference = BDA9FE402A8D0BCD003183B4 /* finalProject.app */;
			productType = "com.apple.product-type.application";
		};
		BDA9FE4F2A8D0BD1003183B4 /* finalProjectTests */ = {
			isa = PBXNativeTarget;
			buildConfigurationList = BDA9FE672A8D0BD1003183B4 /* Build configuration list for PBXNativeTarget "finalProjectTests" */;
			buildPhases = (
				BDA9FE4C2A8D0BD1003183B4 /* Sources */,
				BDA9FE4D2A8D0BD1003183B4 /* Frameworks */,
				BDA9FE4E2A8D0BD1003183B4 /* Resources */,
			);
			buildRules = (
			);
			dependencies = (
				BDA9FE522A8D0BD1003183B4 /* PBXTargetDependency */,
			);
			name = finalProjectTests;
			productName = finalProjectTests;
			productReference = BDA9FE502A8D0BD1003183B4 /* finalProjectTests.xctest */;
			productType = "com.apple.product-type.bundle.unit-test";
		};
		BDA9FE592A8D0BD1003183B4 /* finalProjectUITests */ = {
			isa = PBXNativeTarget;
			buildConfigurationList = BDA9FE6A2A8D0BD1003183B4 /* Build configuration list for PBXNativeTarget "finalProjectUITests" */;
			buildPhases = (
				BDA9FE562A8D0BD1003183B4 /* Sources */,
				BDA9FE572A8D0BD1003183B4 /* Frameworks */,
				BDA9FE582A8D0BD1003183B4 /* Resources */,
			);
			buildRules = (
			);
			dependencies = (
				BDA9FE5C2A8D0BD1003183B4 /* PBXTargetDependency */,
			);
			name = finalProjectUITests;
			productName = finalProjectUITests;
			productReference = BDA9FE5A2A8D0BD1003183B4 /* finalProjectUITests.xctest */;
			productType = "com.apple.product-type.bundle.ui-testing";
		};
/* End PBXNativeTarget section */

/* Begin PBXProject section */
		BDA9FE382A8D0BCD003183B4 /* Project object */ = {
			isa = PBXProject;
			attributes = {
				BuildIndependentTargetsInParallel = 1;
				LastSwiftUpdateCheck = 1430;
				LastUpgradeCheck = 1430;
				TargetAttributes = {
					BDA9FE3F2A8D0BCD003183B4 = {
						CreatedOnToolsVersion = 14.3.1;
					};
					BDA9FE4F2A8D0BD1003183B4 = {
						CreatedOnToolsVersion = 14.3.1;
						TestTargetID = BDA9FE3F2A8D0BCD003183B4;
					};
					BDA9FE592A8D0BD1003183B4 = {
						CreatedOnToolsVersion = 14.3.1;
						TestTargetID = BDA9FE3F2A8D0BCD003183B4;
					};
				};
			};
			buildConfigurationList = BDA9FE3B2A8D0BCD003183B4 /* Build configuration list for PBXProject "finalProject" */;
			compatibilityVersion = "Xcode 14.0";
			developmentRegion = en;
			hasScannedForEncodings = 0;
			knownRegions = (
				en,
				Base,
			);
			mainGroup = BDA9FE372A8D0BCD003183B4;
			productRefGroup = BDA9FE412A8D0BCD003183B4 /* Products */;
			projectDirPath = "";
			projectRoot = "";
			targets = (
				BDA9FE3F2A8D0BCD003183B4 /* finalProject */,
				BDA9FE4F2A8D0BD1003183B4 /* finalProjectTests */,
				BDA9FE592A8D0BD1003183B4 /* finalProjectUITests */,
			);
		};
/* End PBXProject section */

/* Begin PBXResourcesBuildPhase section */
		BDA9FE3E2A8D0BCD003183B4 /* Resources */ = {
			isa = PBXResourcesBuildPhase;
			buildActionMask = 2147483647;
			files = (
				BDA9FE4B2A8D0BD1003183B4 /* Preview Assets.xcassets in Resources */,
				BDA9FE482A8D0BD1003183B4 /* Assets.xcassets in Resources */,
			);
			runOnlyForDeploymentPostprocessing = 0;
		};
		BDA9FE4E2A8D0BD1003183B4 /* Resources */ = {
			isa = PBXResourcesBuildPhase;
			buildActionMask = 2147483647;
			files = (
			);
			runOnlyForDeploymentPostprocessing = 0;
		};
		BDA9FE582A8D0BD1003183B4 /* Resources */ = {
			isa = PBXResourcesBuildPhase;
			buildActionMask = 2147483647;
			files = (
			);
			runOnlyForDeploymentPostprocessing = 0;
		};
/* End PBXResourcesBuildPhase section */

/* Begin PBXSourcesBuildPhase section */
		BDA9FE3C2A8D0BCD003183B4 /* Sources */ = {
			isa = PBXSourcesBuildPhase;
			buildActionMask = 2147483647;
			files = (
				BDA9FE462A8D0BCD003183B4 /* ContentView.swift in Sources */,
				BDA9FE442A8D0BCD003183B4 /* finalProjectApp.swift in Sources */,
			);
			runOnlyForDeploymentPostprocessing = 0;
		};
		BDA9FE4C2A8D0BD1003183B4 /* Sources */ = {
			isa = PBXSourcesBuildPhase;
			buildActionMask = 2147483647;
			files = (
				BDA9FE552A8D0BD1003183B4 /* finalProjectTests.swift in Sources */,
			);
			runOnlyForDeploymentPostprocessing = 0;
		};
		BDA9FE562A8D0BD1003183B4 /* Sources */ = {
			isa = PBXSourcesBuildPhase;
			buildActionMask = 2147483647;
			files = (
				BDA9FE5F2A8D0BD1003183B4 /* finalProjectUITests.swift in Sources */,
				BDA9FE612A8D0BD1003183B4 /* finalProjectUITestsLaunchTests.swift in Sources */,
			);
			runOnlyForDeploymentPostprocessing = 0;
		};
/* End PBXSourcesBuildPhase section */

/* Begin PBXTargetDependency section */
		BDA9FE522A8D0BD1003183B4 /* PBXTargetDependency */ = {
			isa = PBXTargetDependency;
			target = BDA9FE3F2A8D0BCD003183B4 /* finalProject */;
			targetProxy = BDA9FE512A8D0BD1003183B4 /* PBXContainerItemProxy */;
		};
		BDA9FE5C2A8D0BD1003183B4 /* PBXTargetDependency */ = {
			isa = PBXTargetDependency;
			target = BDA9FE3F2A8D0BCD003183B4 /* finalProject */;
			targetProxy = BDA9FE5B2A8D0BD1003183B4 /* PBXContainerItemProxy */;
		};
/* End PBXTargetDependency section */

/* Begin XCBuildConfiguration section */
		BDA9FE622A8D0BD1003183B4 /* Debug */ = {
			isa = XCBuildConfiguration;
			buildSettings = {
				ALWAYS_SEARCH_USER_PATHS = NO;
				CLANG_ANALYZER_NONNULL = YES;
				CLANG_ANALYZER_NUMBER_OBJECT_CONVERSION = YES_AGGRESSIVE;
				CLANG_CXX_LANGUAGE_STANDARD = "gnu++20";
				CLANG_ENABLE_MODULES = YES;
				CLANG_ENABLE_OBJC_ARC = YES;
				CLANG_ENABLE_OBJC_WEAK = YES;
				CLANG_WARN_BLOCK_CAPTURE_AUTORELEASING = YES;
				CLANG_WARN_BOOL_CONVERSION = YES;
				CLANG_WARN_COMMA = YES;
				CLANG_WARN_CONSTANT_CONVERSION = YES;
				CLANG_WARN_DEPRECATED_OBJC_IMPLEMENTATIONS = YES;
				CLANG_WARN_DIRECT_OBJC_ISA_USAGE = YES_ERROR;
				CLANG_WARN_DOCUMENTATION_COMMENTS = YES;
				CLANG_WARN_EMPTY_BODY = YES;
				CLANG_WARN_ENUM_CONVERSION = YES;
				CLANG_WARN_INFINITE_RECURSION = YES;
				CLANG_WARN_INT_CONVERSION = YES;
				CLANG_WARN_NON_LITERAL_NULL_CONVERSION = YES;
				CLANG_WARN_OBJC_IMPLICIT_RETAIN_SELF = YES;
				CLANG_WARN_OBJC_LITERAL_CONVERSION = YES;
				CLANG_WARN_OBJC_ROOT_CLASS = YES_ERROR;
				CLANG_WARN_QUOTED_INCLUDE_IN_FRAMEWORK_HEADER = YES;
				CLANG_WARN_RANGE_LOOP_ANALYSIS = YES;
				CLANG_WARN_STRICT_PROTOTYPES = YES;
				CLANG_WARN_SUSPICIOUS_MOVE = YES;
				CLANG_WARN_UNGUARDED_AVAILABILITY = YES_AGGRESSIVE;
				CLANG_WARN_UNREACHABLE_CODE = YES;
				CLANG_WARN__DUPLICATE_METHOD_MATCH = YES;
				COPY_PHASE_STRIP = NO;
				DEBUG_INFORMATION_FORMAT = dwarf;
				ENABLE_STRICT_OBJC_MSGSEND = YES;
				ENABLE_TESTABILITY = YES;
				GCC_C_LANGUAGE_STANDARD = gnu11;
				GCC_DYNAMIC_NO_PIC = NO;
				GCC_NO_COMMON_BLOCKS = YES;
				GCC_OPTIMIZATION_LEVEL = 0;
				GCC_PREPROCESSOR_DEFINITIONS = (
					"DEBUG=1",
					"$(inherited)",
				);
				GCC_WARN_64_TO_32_BIT_CONVERSION = YES;
				GCC_WARN_ABOUT_RETURN_TYPE = YES_ERROR;
				GCC_WARN_UNDECLARED_SELECTOR = YES;
				GCC_WARN_UNINITIALIZED_AUTOS = YES_AGGRESSIVE;
				GCC_WARN_UNUSED_FUNCTION = YES;
				GCC_WARN_UNUSED_VARIABLE = YES;
				IPHONEOS_DEPLOYMENT_TARGET = 16.4;
				MTL_ENABLE_DEBUG_INFO = INCLUDE_SOURCE;
				MTL_FAST_MATH = YES;
				ONLY_ACTIVE_ARCH = YES;
				SDKROOT = iphoneos;
				SWIFT_ACTIVE_COMPILATION_CONDITIONS = DEBUG;
				SWIFT_OPTIMIZATION_LEVEL = "-Onone";
			};
			name = Debug;
		};
		BDA9FE632A8D0BD1003183B4 /* Release */ = {
			isa = XCBuildConfiguration;
			buildSettings = {
				ALWAYS_SEARCH_USER_PATHS = NO;
				CLANG_ANALYZER_NONNULL = YES;
				CLANG_ANALYZER_NUMBER_OBJECT_CONVERSION = YES_AGGRESSIVE;
				CLANG_CXX_LANGUAGE_STANDARD = "gnu++20";
				CLANG_ENABLE_MODULES = YES;
				CLANG_ENABLE_OBJC_ARC = YES;
				CLANG_ENABLE_OBJC_WEAK = YES;
				CLANG_WARN_BLOCK_CAPTURE_AUTORELEASING = YES;
				CLANG_WARN_BOOL_CONVERSION = YES;
				CLANG_WARN_COMMA = YES;
				CLANG_WARN_CONSTANT_CONVERSION = YES;
				CLANG_WARN_DEPRECATED_OBJC_IMPLEMENTATIONS = YES;
				CLANG_WARN_DIRECT_OBJC_ISA_USAGE = YES_ERROR;
				CLANG_WARN_DOCUMENTATION_COMMENTS = YES;
				CLANG_WARN_EMPTY_BODY = YES;
				CLANG_WARN_ENUM_CONVERSION = YES;
				CLANG_WARN_INFINITE_RECURSION = YES;
				CLANG_WARN_INT_CONVERSION = YES;
				CLANG_WARN_NON_LITERAL_NULL_CONVERSION = YES;
				CLANG_WARN_OBJC_IMPLICIT_RETAIN_SELF = YES;
				CLANG_WARN_OBJC_LITERAL_CONVERSION = YES;
				CLANG_WARN_OBJC_ROOT_CLASS = YES_ERROR;
				CLANG_WARN_QUOTED_INCLUDE_IN_FRAMEWORK_HEADER = YES;
				CLANG_WARN_RANGE_LOOP_ANALYSIS = YES;
				CLANG_WARN_STRICT_PROTOTYPES = YES;
				CLANG_WARN_SUSPICIOUS_MOVE = YES;
				CLANG_WARN_UNGUARDED_AVAILABILITY = YES_AGGRESSIVE;
				CLANG_WARN_UNREACHABLE_CODE = YES;
				CLANG_WARN__DUPLICATE_METHOD_MATCH = YES;
				COPY_PHASE_STRIP = NO;
				DEBUG_INFORMATION_FORMAT = "dwarf-with-dsym";
				ENABLE_NS_ASSERTIONS = NO;
				ENABLE_STRICT_OBJC_MSGSEND = YES;
				GCC_C_LANGUAGE_STANDARD = gnu11;
				GCC_NO_COMMON_BLOCKS = YES;
				GCC_WARN_64_TO_32_BIT_CONVERSION = YES;
				GCC_WARN_ABOUT_RETURN_TYPE = YES_ERROR;
				GCC_WARN_UNDECLARED_SELECTOR = YES;
				GCC_WARN_UNINITIALIZED_AUTOS = YES_AGGRESSIVE;
				GCC_WARN_UNUSED_FUNCTION = YES;
				GCC_WARN_UNUSED_VARIABLE = YES;
				IPHONEOS_DEPLOYMENT_TARGET = 16.4;
				MTL_ENABLE_DEBUG_INFO = NO;
				MTL_FAST_MATH = YES;
				SDKROOT = iphoneos;
				SWIFT_COMPILATION_MODE = wholemodule;
				SWIFT_OPTIMIZATION_LEVEL = "-O";
				VALIDATE_PRODUCT = YES;
			};
			name = Release;
		};
		BDA9FE652A8D0BD1003183B4 /* Debug */ = {
			isa = XCBuildConfiguration;
			buildSettings = {
				ASSETCATALOG_COMPILER_APPICON_NAME = AppIcon;
				ASSETCATALOG_COMPILER_GLOBAL_ACCENT_COLOR_NAME = AccentColor;
				CODE_SIGN_STYLE = Automatic;
				CURRENT_PROJECT_VERSION = 1;
				DEVELOPMENT_ASSET_PATHS = "\"finalProject/Preview Content\"";
				ENABLE_PREVIEWS = YES;
				GENERATE_INFOPLIST_FILE = YES;
				INFOPLIST_KEY_UIApplicationSceneManifest_Generation = YES;
				INFOPLIST_KEY_UIApplicationSupportsIndirectInputEvents = YES;
				INFOPLIST_KEY_UILaunchScreen_Generation = YES;
				INFOPLIST_KEY_UISupportedInterfaceOrientations_iPad = "UIInterfaceOrientationPortrait UIInterfaceOrientationPortraitUpsideDown UIInterfaceOrientationLandscapeLeft UIInterfaceOrientationLandscapeRight";
				INFOPLIST_KEY_UISupportedInterfaceOrientations_iPhone = "UIInterfaceOrientationPortrait UIInterfaceOrientationLandscapeLeft UIInterfaceOrientationLandscapeRight";
				LD_RUNPATH_SEARCH_PATHS = (
					"$(inherited)",
					"@executable_path/Frameworks",
				);
				MARKETING_VERSION = 1.0;
				PRODUCT_BUNDLE_IDENTIFIER = KWK.finalProject;
				PRODUCT_NAME = "$(TARGET_NAME)";
				SWIFT_EMIT_LOC_STRINGS = YES;
				SWIFT_VERSION = 5.0;
				TARGETED_DEVICE_FAMILY = "1,2";
			};
			name = Debug;
		};
		BDA9FE662A8D0BD1003183B4 /* Release */ = {
			isa = XCBuildConfiguration;
			buildSettings = {
				ASSETCATALOG_COMPILER_APPICON_NAME = AppIcon;
				ASSETCATALOG_COMPILER_GLOBAL_ACCENT_COLOR_NAME = AccentColor;
				CODE_SIGN_STYLE = Automatic;
				CURRENT_PROJECT_VERSION = 1;
				DEVELOPMENT_ASSET_PATHS = "\"finalProject/Preview Content\"";
				ENABLE_PREVIEWS = YES;
				GENERATE_INFOPLIST_FILE = YES;
				INFOPLIST_KEY_UIApplicationSceneManifest_Generation = YES;
				INFOPLIST_KEY_UIApplicationSupportsIndirectInputEvents = YES;
				INFOPLIST_KEY_UILaunchScreen_Generation = YES;
				INFOPLIST_KEY_UISupportedInterfaceOrientations_iPad = "UIInterfaceOrientationPortrait UIInterfaceOrientationPortraitUpsideDown UIInterfaceOrientationLandscapeLeft UIInterfaceOrientationLandscapeRight";
				INFOPLIST_KEY_UISupportedInterfaceOrientations_iPhone = "UIInterfaceOrientationPortrait UIInterfaceOrientationLandscapeLeft UIInterfaceOrientationLandscapeRight";
				LD_RUNPATH_SEARCH_PATHS = (
					"$(inherited)",
					"@executable_path/Frameworks",
				);
				MARKETING_VERSION = 1.0;
				PRODUCT_BUNDLE_IDENTIFIER = KWK.finalProject;
				PRODUCT_NAME = "$(TARGET_NAME)";
				SWIFT_EMIT_LOC_STRINGS = YES;
				SWIFT_VERSION = 5.0;
				TARGETED_DEVICE_FAMILY = "1,2";
			};
			name = Release;
		};
		BDA9FE682A8D0BD1003183B4 /* Debug */ = {
			isa = XCBuildConfiguration;
			buildSettings = {
				ALWAYS_EMBED_SWIFT_STANDARD_LIBRARIES = YES;
				BUNDLE_LOADER = "$(TEST_HOST)";
				CODE_SIGN_STYLE = Automatic;
				CURRENT_PROJECT_VERSION = 1;
				GENERATE_INFOPLIST_FILE = YES;
				IPHONEOS_DEPLOYMENT_TARGET = 16.4;
				MARKETING_VERSION = 1.0;
				PRODUCT_BUNDLE_IDENTIFIER = KWK.finalProjectTests;
				PRODUCT_NAME = "$(TARGET_NAME)";
				SWIFT_EMIT_LOC_STRINGS = NO;
				SWIFT_VERSION = 5.0;
				TARGETED_DEVICE_FAMILY = "1,2";
				TEST_HOST = "$(BUILT_PRODUCTS_DIR)/finalProject.app/$(BUNDLE_EXECUTABLE_FOLDER_PATH)/finalProject";
			};
			name = Debug;
		};
		BDA9FE692A8D0BD1003183B4 /* Release */ = {
			isa = XCBuildConfiguration;
			buildSettings = {
				ALWAYS_EMBED_SWIFT_STANDARD_LIBRARIES = YES;
				BUNDLE_LOADER = "$(TEST_HOST)";
				CODE_SIGN_STYLE = Automatic;
				CURRENT_PROJECT_VERSION = 1;
				GENERATE_INFOPLIST_FILE = YES;
				IPHONEOS_DEPLOYMENT_TARGET = 16.4;
				MARKETING_VERSION = 1.0;
				PRODUCT_BUNDLE_IDENTIFIER = KWK.finalProjectTests;
				PRODUCT_NAME = "$(TARGET_NAME)";
				SWIFT_EMIT_LOC_STRINGS = NO;
				SWIFT_VERSION = 5.0;
				TARGETED_DEVICE_FAMILY = "1,2";
				TEST_HOST = "$(BUILT_PRODUCTS_DIR)/finalProject.app/$(BUNDLE_EXECUTABLE_FOLDER_PATH)/finalProject";
			};
			name = Release;
		};
		BDA9FE6B2A8D0BD1003183B4 /* Debug */ = {
			isa = XCBuildConfiguration;
			buildSettings = {
				ALWAYS_EMBED_SWIFT_STANDARD_LIBRARIES = YES;
				CODE_SIGN_STYLE = Automatic;
				CURRENT_PROJECT_VERSION = 1;
				GENERATE_INFOPLIST_FILE = YES;
				MARKETING_VERSION = 1.0;
				PRODUCT_BUNDLE_IDENTIFIER = KWK.finalProjectUITests;
				PRODUCT_NAME = "$(TARGET_NAME)";
				SWIFT_EMIT_LOC_STRINGS = NO;
				SWIFT_VERSION = 5.0;
				TARGETED_DEVICE_FAMILY = "1,2";
				TEST_TARGET_NAME = finalProject;
			};
			name = Debug;
		};
		BDA9FE6C2A8D0BD1003183B4 /* Release */ = {
			isa = XCBuildConfiguration;
			buildSettings = {
				ALWAYS_EMBED_SWIFT_STANDARD_LIBRARIES = YES;
				CODE_SIGN_STYLE = Automatic;
				CURRENT_PROJECT_VERSION = 1;
				GENERATE_INFOPLIST_FILE = YES;
				MARKETING_VERSION = 1.0;
				PRODUCT_BUNDLE_IDENTIFIER = KWK.finalProjectUITests;
				PRODUCT_NAME = "$(TARGET_NAME)";
				SWIFT_EMIT_LOC_STRINGS = NO;
				SWIFT_VERSION = 5.0;
				TARGETED_DEVICE_FAMILY = "1,2";
				TEST_TARGET_NAME = finalProject;
			};
			name = Release;
		};
/* End XCBuildConfiguration section */

/* Begin XCConfigurationList section */
		BDA9FE3B2A8D0BCD003183B4 /* Build configuration list for PBXProject "finalProject" */ = {
			isa = XCConfigurationList;
			buildConfigurations = (
				BDA9FE622A8D0BD1003183B4 /* Debug */,
				BDA9FE632A8D0BD1003183B4 /* Release */,
			);
			defaultConfigurationIsVisible = 0;
			defaultConfigurationName = Release;
		};
		BDA9FE642A8D0BD1003183B4 /* Build configuration list for PBXNativeTarget "finalProject" */ = {
			isa = XCConfigurationList;
			buildConfigurations = (
				BDA9FE652A8D0BD1003183B4 /* Debug */,
				BDA9FE662A8D0BD1003183B4 /* Release */,
			);
			defaultConfigurationIsVisible = 0;
			defaultConfigurationName = Release;
		};
		BDA9FE672A8D0BD1003183B4 /* Build configuration list for PBXNativeTarget "finalProjectTests" */ = {
			isa = XCConfigurationList;
			buildConfigurations = (
				BDA9FE682A8D0BD1003183B4 /* Debug */,
				BDA9FE692A8D0BD1003183B4 /* Release */,
			);
			defaultConfigurationIsVisible = 0;
			defaultConfigurationName = Release;
		};
		BDA9FE6A2A8D0BD1003183B4 /* Build configuration list for PBXNativeTarget "finalProjectUITests" */ = {
			isa = XCConfigurationList;
			buildConfigurations = (
				BDA9FE6B2A8D0BD1003183B4 /* Debug */,
				BDA9FE6C2A8D0BD1003183B4 /* Release */,
			);
			defaultConfigurationIsVisible = 0;
			defaultConfigurationName = Release;
		};
/* End XCConfigurationList section */
	};
	rootObject = BDA9FE382A8D0BCD003183B4 /* Project object */;
}
